
Microsoft Visual Studio Solution File, Format Version 12.00
# Visual Studio Version 17
VisualStudioVersion = 17.4.33110.190
MinimumVisualStudioVersion = 10.0.40219.1
Project("{FAE04EC0-301F-11D3-BF4B-00C04F79EFBC}") = "Sorting", "Sorting\Sorting.csproj", "{83B47BB9-E52A-4185-AFAC-73A5FDEEF905}"
EndProject
Global
	GlobalSection(SolutionConfigurationPlatforms) = preSolution
		Debug|Any CPU = Debug|Any CPU
		Release|Any CPU = Release|Any CPU
	EndGlobalSection
	GlobalSection(ProjectConfigurationPlatforms) = postSolution
		{83B47BB9-E52A-4185-AFAC-73A5FDEEF905}.Debug|Any CPU.ActiveCfg = Debug|Any CPU
		{83B47BB9-E52A-4185-AFAC-73A5FDEEF905}.Debug|Any CPU.Build.0 = Debug|Any CPU
		{83B47BB9-E52A-4185-AFAC-73A5FDEEF905}.Release|Any CPU.ActiveCfg = Release|Any CPU
		{83B47BB9-E52A-4185-AFAC-73A5FDEEF905}.Release|Any CPU.Build.0 = Release|Any CPU
	EndGlobalSection
	GlobalSection(SolutionProperties) = preSolution
		HideSolutionNode = FALSE
	EndGlobalSection
	GlobalSection(ExtensibilityGlobals) = postSolution
		SolutionGuid = {FDB42D9B-7305-4078-A0B6-76AD3D2A54AE}
	EndGlobalSection
EndGlobal
